
Microsoft Visual Studio Solution File, Format Version 12.00
# Visual Studio 15
Project("{FAE04EC0-301F-11D3-BF4B-00C04F79EFBC}") = "SouscriptionAxa", "SouscriptionAxa\SouscriptionAxa.csproj", "{78934317-F725-476F-B7B1-BF15C43E9BC9}"
EndProject
Project("{FAE04EC0-301F-11D3-BF4B-00C04F79EFBC}") = "SouscriptionAxaTests", "SouscriptionAxaTests\SouscriptionAxaTests.csproj", "{724813CB-BDB0-42C8-A91B-27C4406CD55B}"
EndProject
Project("{2150E333-8FDC-42A3-9474-1A3956D46DE8}") = "Solution Items", "Solution Items", "{3A6FBA6C-35B9-4E7F-916D-0E6E845427A5}"
	ProjectSection(SolutionItems) = preProject
		README.md = README.md
	EndProjectSection
EndProject
Project("{FAE04EC0-301F-11D3-BF4B-00C04F79EFBC}") = "SouscriptionAxaFeatures", "SouscriptionAxaFeatures\SouscriptionAxaFeatures.csproj", "{36E407A7-2ED3-4458-B065-39B314421CD0}"
EndProject
Project("{FAE04EC0-301F-11D3-BF4B-00C04F79EFBC}") = "SouscriptionAxaBuisiness", "SouscriptionAxaBuisiness\SouscriptionAxaBuisiness.csproj", "{65CF8526-EE17-4F3B-A8F0-75DD706460AF}"
EndProject
Global
	GlobalSection(SolutionConfigurationPlatforms) = preSolution
		Debug|Any CPU = Debug|Any CPU
		Release|Any CPU = Release|Any CPU
	EndGlobalSection
	GlobalSection(ProjectConfigurationPlatforms) = postSolution
		{78934317-F725-476F-B7B1-BF15C43E9BC9}.Debug|Any CPU.ActiveCfg = Debug|Any CPU
		{78934317-F725-476F-B7B1-BF15C43E9BC9}.Debug|Any CPU.Build.0 = Debug|Any CPU
		{78934317-F725-476F-B7B1-BF15C43E9BC9}.Release|Any CPU.ActiveCfg = Release|Any CPU
		{78934317-F725-476F-B7B1-BF15C43E9BC9}.Release|Any CPU.Build.0 = Release|Any CPU
		{724813CB-BDB0-42C8-A91B-27C4406CD55B}.Debug|Any CPU.ActiveCfg = Debug|Any CPU
		{724813CB-BDB0-42C8-A91B-27C4406CD55B}.Debug|Any CPU.Build.0 = Debug|Any CPU
		{724813CB-BDB0-42C8-A91B-27C4406CD55B}.Release|Any CPU.ActiveCfg = Release|Any CPU
		{724813CB-BDB0-42C8-A91B-27C4406CD55B}.Release|Any CPU.Build.0 = Release|Any CPU
		{36E407A7-2ED3-4458-B065-39B314421CD0}.Debug|Any CPU.ActiveCfg = Debug|Any CPU
		{36E407A7-2ED3-4458-B065-39B314421CD0}.Debug|Any CPU.Build.0 = Debug|Any CPU
		{36E407A7-2ED3-4458-B065-39B314421CD0}.Release|Any CPU.ActiveCfg = Release|Any CPU
		{36E407A7-2ED3-4458-B065-39B314421CD0}.Release|Any CPU.Build.0 = Release|Any CPU
		{65CF8526-EE17-4F3B-A8F0-75DD706460AF}.Debug|Any CPU.ActiveCfg = Debug|Any CPU
		{65CF8526-EE17-4F3B-A8F0-75DD706460AF}.Debug|Any CPU.Build.0 = Debug|Any CPU
		{65CF8526-EE17-4F3B-A8F0-75DD706460AF}.Release|Any CPU.ActiveCfg = Release|Any CPU
		{65CF8526-EE17-4F3B-A8F0-75DD706460AF}.Release|Any CPU.Build.0 = Release|Any CPU
	EndGlobalSection
EndGlobal
